
Microsoft Visual Studio Solution File, Format Version 12.00
# Visual Studio 14
VisualStudioVersion = 14.0.25420.1
MinimumVisualStudioVersion = 10.0.40219.1
Project("{FAE04EC0-301F-11D3-BF4B-00C04F79EFBC}") = "ifelse", "tom\ifelse.csproj", "{C33BE7EA-83E8-4FF0-8D06-A82E28E5BD13}"
EndProject
Project("{FAE04EC0-301F-11D3-BF4B-00C04F79EFBC}") = "inputs", "inputs\inputs.csproj", "{F938FE19-6076-4AB8-84BE-6C0D15EF9FE0}"
EndProject
Project("{FAE04EC0-301F-11D3-BF4B-00C04F79EFBC}") = "while", "while\while.csproj", "{75DE15CE-4078-44A4-9F62-417F25E67595}"
EndProject
Project("{FAE04EC0-301F-11D3-BF4B-00C04F79EFBC}") = "while_2", "while_2\while_2.csproj", "{374BC5E1-FA42-46E3-81DA-EFFFE3A70434}"
EndProject
Project("{FAE04EC0-301F-11D3-BF4B-00C04F79EFBC}") = "zakif", "zakif\zakif.csproj", "{6A62469A-3CBB-488E-89A9-7A01F4ABFD00}"
EndProject
Project("{FAE04EC0-301F-11D3-BF4B-00C04F79EFBC}") = "zakif_grade", "zakif_grade\zakif_grade.csproj", "{1628709A-BFDB-4F8A-832B-36F4095BF0AA}"
EndProject
Project("{FAE04EC0-301F-11D3-BF4B-00C04F79EFBC}") = "arrays", "arrays\arrays.csproj", "{E9B2DC18-0432-4F59-9C87-EA1431E15B50}"
EndProject
Project("{FAE04EC0-301F-11D3-BF4B-00C04F79EFBC}") = "for", "for\for.csproj", "{0AF3BB94-78A4-4BAB-A925-B9179ACBD667}"
EndProject
Project("{FAE04EC0-301F-11D3-BF4B-00C04F79EFBC}") = "matrix", "matrix\matrix.csproj", "{05CFB014-FF80-4AFF-95DE-06BE294B107F}"
EndProject
Project("{FAE04EC0-301F-11D3-BF4B-00C04F79EFBC}") = "lab8ex4", "lab8ex4\lab8ex4.csproj", "{773182D2-B59B-4885-ADB7-27231B7A17D1}"
EndProject
Project("{FAE04EC0-301F-11D3-BF4B-00C04F79EFBC}") = "functions_intro", "functions_intro\functions_intro.csproj", "{B68D829A-52CE-4906-ACB9-A18004A40252}"
EndProject
Project("{FAE04EC0-301F-11D3-BF4B-00C04F79EFBC}") = "ClassIntro", "ClassIntro\ClassIntro.csproj", "{E939DA80-1755-4B54-85F7-C96AE0F533DB}"
EndProject
Project("{FAE04EC0-301F-11D3-BF4B-00C04F79EFBC}") = "ClassDates", "ClassDates\ClassDates.csproj", "{D404F401-E43C-428E-A899-8A3E1A0D0E84}"
EndProject
Project("{FAE04EC0-301F-11D3-BF4B-00C04F79EFBC}") = "switch_case", "switch_case\switch_case.csproj", "{07077201-A6DA-45C5-B4DD-B0A1F5304E84}"
EndProject
Project("{FAE04EC0-301F-11D3-BF4B-00C04F79EFBC}") = "random", "random\random.csproj", "{F5293155-38DE-47E5-B6AB-C54CE6E29A3A}"
EndProject
Project("{FAE04EC0-301F-11D3-BF4B-00C04F79EFBC}") = "homework", "homework\homework.csproj", "{4D60E2D6-AFC7-445F-A5CA-CEBA07D3F247}"
EndProject
Project("{FAE04EC0-301F-11D3-BF4B-00C04F79EFBC}") = "passover task2", "passover task2\passover task2.csproj", "{37D0F9BF-E82D-4159-B6F8-5C592E31C766}"
EndProject
Project("{FAE04EC0-301F-11D3-BF4B-00C04F79EFBC}") = "passover task3", "passover task3\passover task3.csproj", "{CE2DFFB2-F1C5-4C69-949C-359291D32E28}"
EndProject
Project("{FAE04EC0-301F-11D3-BF4B-00C04F79EFBC}") = "passover task4", "passover task4\passover task4.csproj", "{E438F1C1-892D-44B2-9714-5B7BF23AB1A1}"
EndProject
Project("{FAE04EC0-301F-11D3-BF4B-00C04F79EFBC}") = "passove rtask5", "passove rtask5\passove rtask5.csproj", "{7E0C2928-D2F5-46A5-A333-67C2D321E9EE}"
EndProject
Project("{FAE04EC0-301F-11D3-BF4B-00C04F79EFBC}") = "passover task6", "passover task6\passover task6.csproj", "{19E9F487-436F-4FB2-B008-C514FDA16885}"
EndProject
Project("{FAE04EC0-301F-11D3-BF4B-00C04F79EFBC}") = "passover task7", "passover task7\passover task7.csproj", "{86179B13-4E8B-49E5-A488-84E79A35945C}"
EndProject
Project("{FAE04EC0-301F-11D3-BF4B-00C04F79EFBC}") = "passover task8", "passover task8\passover task8.csproj", "{0C0E1A6C-F61D-428B-8200-8C1D2BB1589C}"
EndProject
Project("{FAE04EC0-301F-11D3-BF4B-00C04F79EFBC}") = "passover task9", "passover task9\passover task9.csproj", "{4AD5CA67-9BD2-4E3F-B4AC-9568664DCE02}"
EndProject
Project("{FAE04EC0-301F-11D3-BF4B-00C04F79EFBC}") = "passover task10", "passover task10\passover task10.csproj", "{D4B58694-AB06-4012-BB8D-2DA96454C712}"
EndProject
Project("{FAE04EC0-301F-11D3-BF4B-00C04F79EFBC}") = "passover task11", "passover task11\passover task11.csproj", "{94453001-8488-4D5F-B3F9-7A5AA380E77C}"
EndProject
Project("{FAE04EC0-301F-11D3-BF4B-00C04F79EFBC}") = "passover task12", "passover task12\passover task12.csproj", "{ABD65EF9-9AE8-4121-A5EF-469B3F892185}"
EndProject
Project("{FAE04EC0-301F-11D3-BF4B-00C04F79EFBC}") = "passover task13", "passover task13\passover task13.csproj", "{3BE88A17-6205-4D5B-8BA2-80EC988D2912}"
EndProject
Project("{FAE04EC0-301F-11D3-BF4B-00C04F79EFBC}") = "passover task14", "passover task14\passover task14.csproj", "{12A259D3-FB09-41A6-B9CD-D49BEE761CE2}"
EndProject
Project("{FAE04EC0-301F-11D3-BF4B-00C04F79EFBC}") = "passover task_15", "passover task_15\passover task_15.csproj", "{61885AF6-AF73-4231-AA51-B4DADB82AFBB}"
EndProject
Project("{FAE04EC0-301F-11D3-BF4B-00C04F79EFBC}") = "passover task16", "passover task16\passover task16.csproj", "{73CE0071-01A5-4571-8E73-D432BBC70F28}"
EndProject
Project("{FAE04EC0-301F-11D3-BF4B-00C04F79EFBC}") = "passover task17", "passover task17\passover task17.csproj", "{13F88BCF-AED3-42D2-B94C-13051913B705}"
EndProject
Project("{FAE04EC0-301F-11D3-BF4B-00C04F79EFBC}") = "passover task18", "passover task18\passover task18.csproj", "{1849932F-16B5-475B-ADDE-29BBE616AAD2}"
EndProject
Project("{FAE04EC0-301F-11D3-BF4B-00C04F79EFBC}") = "work_1", "work_1\work_1.csproj", "{0F9C96DE-7B20-4E74-934F-0A47D42809FD}"
EndProject
Project("{FAE04EC0-301F-11D3-BF4B-00C04F79EFBC}") = "passover task19", "passover task19\passover task19.csproj", "{04175515-895A-40B1-AC00-703FDD7DCCE2}"
EndProject
Project("{FAE04EC0-301F-11D3-BF4B-00C04F79EFBC}") = "passover task20", "passover task20\passover task20.csproj", "{5FA7F6F3-378E-4AFE-8368-D2D8BAD3D473}"
EndProject
Project("{FAE04EC0-301F-11D3-BF4B-00C04F79EFBC}") = "p151e36", "p150e36\p151e36.csproj", "{170C31B1-D375-4F4E-9492-EC48CB380B94}"
EndProject
Project("{FAE04EC0-301F-11D3-BF4B-00C04F79EFBC}") = "task for test", "task for test\task for test.csproj", "{C07368CB-0E30-4396-BE6F-E125DAFE6AF2}"
EndProject
Project("{FAE04EC0-301F-11D3-BF4B-00C04F79EFBC}") = "Test task 5", "Test task 5\Test task 5.csproj", "{3E61A014-7A88-4C23-B98B-E770A9232CF6}"
EndProject
Project("{FAE04EC0-301F-11D3-BF4B-00C04F79EFBC}") = "p142t21", "p142t21\p142t21.csproj", "{738618FD-1E5A-4BE8-A3EF-16EE5D096935}"
EndProject
Project("{FAE04EC0-301F-11D3-BF4B-00C04F79EFBC}") = "p103t31", "p103t31\p103t31.csproj", "{FE2B0D69-34C5-46B8-BF52-683FCC355B43}"
EndProject
Project("{FAE04EC0-301F-11D3-BF4B-00C04F79EFBC}") = "p173t13", "p173t13\p173t13.csproj", "{84ECEF93-C833-4279-90D3-8C23DB206626}"
EndProject
Project("{FAE04EC0-301F-11D3-BF4B-00C04F79EFBC}") = "p175t4", "p175t4\p175t4.csproj", "{FAFD7DB7-C258-4E1A-945E-93CD17C2C6F4}"
EndProject
Project("{FAE04EC0-301F-11D3-BF4B-00C04F79EFBC}") = "p180t31", "p180t31\p180t31.csproj", "{CC6D22E3-2A9D-43CF-BB00-A844BD876822}"
EndProject
Project("{FAE04EC0-301F-11D3-BF4B-00C04F79EFBC}") = "p181t32", "p181t32\p181t32.csproj", "{1D5DCDFE-E4F5-43E8-A1AA-C6FC5244BEE3}"
EndProject
Project("{FAE04EC0-301F-11D3-BF4B-00C04F79EFBC}") = "Test", "Test\Test.csproj", "{A4478C17-6250-4B2B-86B3-840A80165551}"
EndProject
Project("{FAE04EC0-301F-11D3-BF4B-00C04F79EFBC}") = "ds", "ds\ds.csproj", "{B52DA7BC-F16E-47C3-B809-856092B3BA05}"
EndProject
Project("{FAE04EC0-301F-11D3-BF4B-00C04F79EFBC}") = "Rec", "ConsoleApplication1\Rec.csproj", "{774FDCD5-6E4C-452D-B02C-266247E86CF4}"
EndProject
Project("{FAE04EC0-301F-11D3-BF4B-00C04F79EFBC}") = "ArrRec", "ArrRec\ArrRec.csproj", "{E957342E-40FA-43D0-B9FF-6B85EC4F6E0D}"
EndProject
Project("{FAE04EC0-301F-11D3-BF4B-00C04F79EFBC}") = "bagrut2017", "bagrut2017\bagrut2017.csproj", "{EC481FF5-8C54-47C5-BD9F-E4D645119C7D}"
EndProject
Global
	GlobalSection(SolutionConfigurationPlatforms) = preSolution
		Debug|Any CPU = Debug|Any CPU
		Release|Any CPU = Release|Any CPU
	EndGlobalSection
	GlobalSection(ProjectConfigurationPlatforms) = postSolution
		{C33BE7EA-83E8-4FF0-8D06-A82E28E5BD13}.Debug|Any CPU.ActiveCfg = Debug|Any CPU
		{C33BE7EA-83E8-4FF0-8D06-A82E28E5BD13}.Debug|Any CPU.Build.0 = Debug|Any CPU
		{C33BE7EA-83E8-4FF0-8D06-A82E28E5BD13}.Release|Any CPU.ActiveCfg = Release|Any CPU
		{C33BE7EA-83E8-4FF0-8D06-A82E28E5BD13}.Release|Any CPU.Build.0 = Release|Any CPU
		{F938FE19-6076-4AB8-84BE-6C0D15EF9FE0}.Debug|Any CPU.ActiveCfg = Debug|Any CPU
		{F938FE19-6076-4AB8-84BE-6C0D15EF9FE0}.Debug|Any CPU.Build.0 = Debug|Any CPU
		{F938FE19-6076-4AB8-84BE-6C0D15EF9FE0}.Release|Any CPU.ActiveCfg = Release|Any CPU
		{F938FE19-6076-4AB8-84BE-6C0D15EF9FE0}.Release|Any CPU.Build.0 = Release|Any CPU
		{75DE15CE-4078-44A4-9F62-417F25E67595}.Debug|Any CPU.ActiveCfg = Debug|Any CPU
		{75DE15CE-4078-44A4-9F62-417F25E67595}.Debug|Any CPU.Build.0 = Debug|Any CPU
		{75DE15CE-4078-44A4-9F62-417F25E67595}.Release|Any CPU.ActiveCfg = Release|Any CPU
		{75DE15CE-4078-44A4-9F62-417F25E67595}.Release|Any CPU.Build.0 = Release|Any CPU
		{374BC5E1-FA42-46E3-81DA-EFFFE3A70434}.Debug|Any CPU.ActiveCfg = Debug|Any CPU
		{374BC5E1-FA42-46E3-81DA-EFFFE3A70434}.Debug|Any CPU.Build.0 = Debug|Any CPU
		{374BC5E1-FA42-46E3-81DA-EFFFE3A70434}.Release|Any CPU.ActiveCfg = Release|Any CPU
		{374BC5E1-FA42-46E3-81DA-EFFFE3A70434}.Release|Any CPU.Build.0 = Release|Any CPU
		{6A62469A-3CBB-488E-89A9-7A01F4ABFD00}.Debug|Any CPU.ActiveCfg = Debug|Any CPU
		{6A62469A-3CBB-488E-89A9-7A01F4ABFD00}.Debug|Any CPU.Build.0 = Debug|Any CPU
		{6A62469A-3CBB-488E-89A9-7A01F4ABFD00}.Release|Any CPU.ActiveCfg = Release|Any CPU
		{6A62469A-3CBB-488E-89A9-7A01F4ABFD00}.Release|Any CPU.Build.0 = Release|Any CPU
		{1628709A-BFDB-4F8A-832B-36F4095BF0AA}.Debug|Any CPU.ActiveCfg = Debug|Any CPU
		{1628709A-BFDB-4F8A-832B-36F4095BF0AA}.Debug|Any CPU.Build.0 = Debug|Any CPU
		{1628709A-BFDB-4F8A-832B-36F4095BF0AA}.Release|Any CPU.ActiveCfg = Release|Any CPU
		{1628709A-BFDB-4F8A-832B-36F4095BF0AA}.Release|Any CPU.Build.0 = Release|Any CPU
		{E9B2DC18-0432-4F59-9C87-EA1431E15B50}.Debug|Any CPU.ActiveCfg = Debug|Any CPU
		{E9B2DC18-0432-4F59-9C87-EA1431E15B50}.Debug|Any CPU.Build.0 = Debug|Any CPU
		{E9B2DC18-0432-4F59-9C87-EA1431E15B50}.Release|Any CPU.ActiveCfg = Release|Any CPU
		{E9B2DC18-0432-4F59-9C87-EA1431E15B50}.Release|Any CPU.Build.0 = Release|Any CPU
		{0AF3BB94-78A4-4BAB-A925-B9179ACBD667}.Debug|Any CPU.ActiveCfg = Debug|Any CPU
		{0AF3BB94-78A4-4BAB-A925-B9179ACBD667}.Debug|Any CPU.Build.0 = Debug|Any CPU
		{0AF3BB94-78A4-4BAB-A925-B9179ACBD667}.Release|Any CPU.ActiveCfg = Release|Any CPU
		{0AF3BB94-78A4-4BAB-A925-B9179ACBD667}.Release|Any CPU.Build.0 = Release|Any CPU
		{05CFB014-FF80-4AFF-95DE-06BE294B107F}.Debug|Any CPU.ActiveCfg = Debug|Any CPU
		{05CFB014-FF80-4AFF-95DE-06BE294B107F}.Debug|Any CPU.Build.0 = Debug|Any CPU
		{05CFB014-FF80-4AFF-95DE-06BE294B107F}.Release|Any CPU.ActiveCfg = Release|Any CPU
		{05CFB014-FF80-4AFF-95DE-06BE294B107F}.Release|Any CPU.Build.0 = Release|Any CPU
		{773182D2-B59B-4885-ADB7-27231B7A17D1}.Debug|Any CPU.ActiveCfg = Debug|Any CPU
		{773182D2-B59B-4885-ADB7-27231B7A17D1}.Debug|Any CPU.Build.0 = Debug|Any CPU
		{773182D2-B59B-4885-ADB7-27231B7A17D1}.Release|Any CPU.ActiveCfg = Release|Any CPU
		{773182D2-B59B-4885-ADB7-27231B7A17D1}.Release|Any CPU.Build.0 = Release|Any CPU
		{B68D829A-52CE-4906-ACB9-A18004A40252}.Debug|Any CPU.ActiveCfg = Debug|Any CPU
		{B68D829A-52CE-4906-ACB9-A18004A40252}.Debug|Any CPU.Build.0 = Debug|Any CPU
		{B68D829A-52CE-4906-ACB9-A18004A40252}.Release|Any CPU.ActiveCfg = Release|Any CPU
		{B68D829A-52CE-4906-ACB9-A18004A40252}.Release|Any CPU.Build.0 = Release|Any CPU
		{E939DA80-1755-4B54-85F7-C96AE0F533DB}.Debug|Any CPU.ActiveCfg = Debug|Any CPU
		{E939DA80-1755-4B54-85F7-C96AE0F533DB}.Debug|Any CPU.Build.0 = Debug|Any CPU
		{E939DA80-1755-4B54-85F7-C96AE0F533DB}.Release|Any CPU.ActiveCfg = Release|Any CPU
		{E939DA80-1755-4B54-85F7-C96AE0F533DB}.Release|Any CPU.Build.0 = Release|Any CPU
		{D404F401-E43C-428E-A899-8A3E1A0D0E84}.Debug|Any CPU.ActiveCfg = Debug|Any CPU
		{D404F401-E43C-428E-A899-8A3E1A0D0E84}.Debug|Any CPU.Build.0 = Debug|Any CPU
		{D404F401-E43C-428E-A899-8A3E1A0D0E84}.Release|Any CPU.ActiveCfg = Release|Any CPU
		{D404F401-E43C-428E-A899-8A3E1A0D0E84}.Release|Any CPU.Build.0 = Release|Any CPU
		{07077201-A6DA-45C5-B4DD-B0A1F5304E84}.Debug|Any CPU.ActiveCfg = Debug|Any CPU
		{07077201-A6DA-45C5-B4DD-B0A1F5304E84}.Debug|Any CPU.Build.0 = Debug|Any CPU
		{07077201-A6DA-45C5-B4DD-B0A1F5304E84}.Release|Any CPU.ActiveCfg = Release|Any CPU
		{07077201-A6DA-45C5-B4DD-B0A1F5304E84}.Release|Any CPU.Build.0 = Release|Any CPU
		{F5293155-38DE-47E5-B6AB-C54CE6E29A3A}.Debug|Any CPU.ActiveCfg = Debug|Any CPU
		{F5293155-38DE-47E5-B6AB-C54CE6E29A3A}.Debug|Any CPU.Build.0 = Debug|Any CPU
		{F5293155-38DE-47E5-B6AB-C54CE6E29A3A}.Release|Any CPU.ActiveCfg = Release|Any CPU
		{F5293155-38DE-47E5-B6AB-C54CE6E29A3A}.Release|Any CPU.Build.0 = Release|Any CPU
		{4D60E2D6-AFC7-445F-A5CA-CEBA07D3F247}.Debug|Any CPU.ActiveCfg = Debug|Any CPU
		{4D60E2D6-AFC7-445F-A5CA-CEBA07D3F247}.Debug|Any CPU.Build.0 = Debug|Any CPU
		{4D60E2D6-AFC7-445F-A5CA-CEBA07D3F247}.Release|Any CPU.ActiveCfg = Release|Any CPU
		{4D60E2D6-AFC7-445F-A5CA-CEBA07D3F247}.Release|Any CPU.Build.0 = Release|Any CPU
		{37D0F9BF-E82D-4159-B6F8-5C592E31C766}.Debug|Any CPU.ActiveCfg = Debug|Any CPU
		{37D0F9BF-E82D-4159-B6F8-5C592E31C766}.Debug|Any CPU.Build.0 = Debug|Any CPU
		{37D0F9BF-E82D-4159-B6F8-5C592E31C766}.Release|Any CPU.ActiveCfg = Release|Any CPU
		{37D0F9BF-E82D-4159-B6F8-5C592E31C766}.Release|Any CPU.Build.0 = Release|Any CPU
		{CE2DFFB2-F1C5-4C69-949C-359291D32E28}.Debug|Any CPU.ActiveCfg = Debug|Any CPU
		{CE2DFFB2-F1C5-4C69-949C-359291D32E28}.Debug|Any CPU.Build.0 = Debug|Any CPU
		{CE2DFFB2-F1C5-4C69-949C-359291D32E28}.Release|Any CPU.ActiveCfg = Release|Any CPU
		{CE2DFFB2-F1C5-4C69-949C-359291D32E28}.Release|Any CPU.Build.0 = Release|Any CPU
		{E438F1C1-892D-44B2-9714-5B7BF23AB1A1}.Debug|Any CPU.ActiveCfg = Debug|Any CPU
		{E438F1C1-892D-44B2-9714-5B7BF23AB1A1}.Debug|Any CPU.Build.0 = Debug|Any CPU
		{E438F1C1-892D-44B2-9714-5B7BF23AB1A1}.Release|Any CPU.ActiveCfg = Release|Any CPU
		{E438F1C1-892D-44B2-9714-5B7BF23AB1A1}.Release|Any CPU.Build.0 = Release|Any CPU
		{7E0C2928-D2F5-46A5-A333-67C2D321E9EE}.Debug|Any CPU.ActiveCfg = Debug|Any CPU
		{7E0C2928-D2F5-46A5-A333-67C2D321E9EE}.Debug|Any CPU.Build.0 = Debug|Any CPU
		{7E0C2928-D2F5-46A5-A333-67C2D321E9EE}.Release|Any CPU.ActiveCfg = Release|Any CPU
		{7E0C2928-D2F5-46A5-A333-67C2D321E9EE}.Release|Any CPU.Build.0 = Release|Any CPU
		{19E9F487-436F-4FB2-B008-C514FDA16885}.Debug|Any CPU.ActiveCfg = Debug|Any CPU
		{19E9F487-436F-4FB2-B008-C514FDA16885}.Debug|Any CPU.Build.0 = Debug|Any CPU
		{19E9F487-436F-4FB2-B008-C514FDA16885}.Release|Any CPU.ActiveCfg = Release|Any CPU
		{19E9F487-436F-4FB2-B008-C514FDA16885}.Release|Any CPU.Build.0 = Release|Any CPU
		{86179B13-4E8B-49E5-A488-84E79A35945C}.Debug|Any CPU.ActiveCfg = Debug|Any CPU
		{86179B13-4E8B-49E5-A488-84E79A35945C}.Debug|Any CPU.Build.0 = Debug|Any CPU
		{86179B13-4E8B-49E5-A488-84E79A35945C}.Release|Any CPU.ActiveCfg = Release|Any CPU
		{86179B13-4E8B-49E5-A488-84E79A35945C}.Release|Any CPU.Build.0 = Release|Any CPU
		{0C0E1A6C-F61D-428B-8200-8C1D2BB1589C}.Debug|Any CPU.ActiveCfg = Debug|Any CPU
		{0C0E1A6C-F61D-428B-8200-8C1D2BB1589C}.Debug|Any CPU.Build.0 = Debug|Any CPU
		{0C0E1A6C-F61D-428B-8200-8C1D2BB1589C}.Release|Any CPU.ActiveCfg = Release|Any CPU
		{0C0E1A6C-F61D-428B-8200-8C1D2BB1589C}.Release|Any CPU.Build.0 = Release|Any CPU
		{4AD5CA67-9BD2-4E3F-B4AC-9568664DCE02}.Debug|Any CPU.ActiveCfg = Debug|Any CPU
		{4AD5CA67-9BD2-4E3F-B4AC-9568664DCE02}.Debug|Any CPU.Build.0 = Debug|Any CPU
		{4AD5CA67-9BD2-4E3F-B4AC-9568664DCE02}.Release|Any CPU.ActiveCfg = Release|Any CPU
		{4AD5CA67-9BD2-4E3F-B4AC-9568664DCE02}.Release|Any CPU.Build.0 = Release|Any CPU
		{D4B58694-AB06-4012-BB8D-2DA96454C712}.Debug|Any CPU.ActiveCfg = Debug|Any CPU
		{D4B58694-AB06-4012-BB8D-2DA96454C712}.Debug|Any CPU.Build.0 = Debug|Any CPU
		{D4B58694-AB06-4012-BB8D-2DA96454C712}.Release|Any CPU.ActiveCfg = Release|Any CPU
		{D4B58694-AB06-4012-BB8D-2DA96454C712}.Release|Any CPU.Build.0 = Release|Any CPU
		{94453001-8488-4D5F-B3F9-7A5AA380E77C}.Debug|Any CPU.ActiveCfg = Debug|Any CPU
		{94453001-8488-4D5F-B3F9-7A5AA380E77C}.Debug|Any CPU.Build.0 = Debug|Any CPU
		{94453001-8488-4D5F-B3F9-7A5AA380E77C}.Release|Any CPU.ActiveCfg = Release|Any CPU
		{94453001-8488-4D5F-B3F9-7A5AA380E77C}.Release|Any CPU.Build.0 = Release|Any CPU
		{ABD65EF9-9AE8-4121-A5EF-469B3F892185}.Debug|Any CPU.ActiveCfg = Debug|Any CPU
		{ABD65EF9-9AE8-4121-A5EF-469B3F892185}.Debug|Any CPU.Build.0 = Debug|Any CPU
		{ABD65EF9-9AE8-4121-A5EF-469B3F892185}.Release|Any CPU.ActiveCfg = Release|Any CPU
		{ABD65EF9-9AE8-4121-A5EF-469B3F892185}.Release|Any CPU.Build.0 = Release|Any CPU
		{3BE88A17-6205-4D5B-8BA2-80EC988D2912}.Debug|Any CPU.ActiveCfg = Debug|Any CPU
		{3BE88A17-6205-4D5B-8BA2-80EC988D2912}.Debug|Any CPU.Build.0 = Debug|Any CPU
		{3BE88A17-6205-4D5B-8BA2-80EC988D2912}.Release|Any CPU.ActiveCfg = Release|Any CPU
		{3BE88A17-6205-4D5B-8BA2-80EC988D2912}.Release|Any CPU.Build.0 = Release|Any CPU
		{12A259D3-FB09-41A6-B9CD-D49BEE761CE2}.Debug|Any CPU.ActiveCfg = Debug|Any CPU
		{12A259D3-FB09-41A6-B9CD-D49BEE761CE2}.Debug|Any CPU.Build.0 = Debug|Any CPU
		{12A259D3-FB09-41A6-B9CD-D49BEE761CE2}.Release|Any CPU.ActiveCfg = Release|Any CPU
		{12A259D3-FB09-41A6-B9CD-D49BEE761CE2}.Release|Any CPU.Build.0 = Release|Any CPU
		{61885AF6-AF73-4231-AA51-B4DADB82AFBB}.Debug|Any CPU.ActiveCfg = Debug|Any CPU
		{61885AF6-AF73-4231-AA51-B4DADB82AFBB}.Debug|Any CPU.Build.0 = Debug|Any CPU
		{61885AF6-AF73-4231-AA51-B4DADB82AFBB}.Release|Any CPU.ActiveCfg = Release|Any CPU
		{61885AF6-AF73-4231-AA51-B4DADB82AFBB}.Release|Any CPU.Build.0 = Release|Any CPU
		{73CE0071-01A5-4571-8E73-D432BBC70F28}.Debug|Any CPU.ActiveCfg = Debug|Any CPU
		{73CE0071-01A5-4571-8E73-D432BBC70F28}.Debug|Any CPU.Build.0 = Debug|Any CPU
		{73CE0071-01A5-4571-8E73-D432BBC70F28}.Release|Any CPU.ActiveCfg = Release|Any CPU
		{73CE0071-01A5-4571-8E73-D432BBC70F28}.Release|Any CPU.Build.0 = Release|Any CPU
		{13F88BCF-AED3-42D2-B94C-13051913B705}.Debug|Any CPU.ActiveCfg = Debug|Any CPU
		{13F88BCF-AED3-42D2-B94C-13051913B705}.Debug|Any CPU.Build.0 = Debug|Any CPU
		{13F88BCF-AED3-42D2-B94C-13051913B705}.Release|Any CPU.ActiveCfg = Release|Any CPU
		{13F88BCF-AED3-42D2-B94C-13051913B705}.Release|Any CPU.Build.0 = Release|Any CPU
		{1849932F-16B5-475B-ADDE-29BBE616AAD2}.Debug|Any CPU.ActiveCfg = Debug|Any CPU
		{1849932F-16B5-475B-ADDE-29BBE616AAD2}.Debug|Any CPU.Build.0 = Debug|Any CPU
		{1849932F-16B5-475B-ADDE-29BBE616AAD2}.Release|Any CPU.ActiveCfg = Release|Any CPU
		{1849932F-16B5-475B-ADDE-29BBE616AAD2}.Release|Any CPU.Build.0 = Release|Any CPU
		{0F9C96DE-7B20-4E74-934F-0A47D42809FD}.Debug|Any CPU.ActiveCfg = Debug|Any CPU
		{0F9C96DE-7B20-4E74-934F-0A47D42809FD}.Debug|Any CPU.Build.0 = Debug|Any CPU
		{0F9C96DE-7B20-4E74-934F-0A47D42809FD}.Release|Any CPU.ActiveCfg = Release|Any CPU
		{0F9C96DE-7B20-4E74-934F-0A47D42809FD}.Release|Any CPU.Build.0 = Release|Any CPU
		{04175515-895A-40B1-AC00-703FDD7DCCE2}.Debug|Any CPU.ActiveCfg = Debug|Any CPU
		{04175515-895A-40B1-AC00-703FDD7DCCE2}.Debug|Any CPU.Build.0 = Debug|Any CPU
		{04175515-895A-40B1-AC00-703FDD7DCCE2}.Release|Any CPU.ActiveCfg = Release|Any CPU
		{04175515-895A-40B1-AC00-703FDD7DCCE2}.Release|Any CPU.Build.0 = Release|Any CPU
		{5FA7F6F3-378E-4AFE-8368-D2D8BAD3D473}.Debug|Any CPU.ActiveCfg = Debug|Any CPU
		{5FA7F6F3-378E-4AFE-8368-D2D8BAD3D473}.Debug|Any CPU.Build.0 = Debug|Any CPU
		{5FA7F6F3-378E-4AFE-8368-D2D8BAD3D473}.Release|Any CPU.ActiveCfg = Release|Any CPU
		{5FA7F6F3-378E-4AFE-8368-D2D8BAD3D473}.Release|Any CPU.Build.0 = Release|Any CPU
		{170C31B1-D375-4F4E-9492-EC48CB380B94}.Debug|Any CPU.ActiveCfg = Debug|Any CPU
		{170C31B1-D375-4F4E-9492-EC48CB380B94}.Debug|Any CPU.Build.0 = Debug|Any CPU
		{170C31B1-D375-4F4E-9492-EC48CB380B94}.Release|Any CPU.ActiveCfg = Release|Any CPU
		{170C31B1-D375-4F4E-9492-EC48CB380B94}.Release|Any CPU.Build.0 = Release|Any CPU
		{C07368CB-0E30-4396-BE6F-E125DAFE6AF2}.Debug|Any CPU.ActiveCfg = Debug|Any CPU
		{C07368CB-0E30-4396-BE6F-E125DAFE6AF2}.Debug|Any CPU.Build.0 = Debug|Any CPU
		{C07368CB-0E30-4396-BE6F-E125DAFE6AF2}.Release|Any CPU.ActiveCfg = Release|Any CPU
		{C07368CB-0E30-4396-BE6F-E125DAFE6AF2}.Release|Any CPU.Build.0 = Release|Any CPU
		{3E61A014-7A88-4C23-B98B-E770A9232CF6}.Debug|Any CPU.ActiveCfg = Debug|Any CPU
		{3E61A014-7A88-4C23-B98B-E770A9232CF6}.Debug|Any CPU.Build.0 = Debug|Any CPU
		{3E61A014-7A88-4C23-B98B-E770A9232CF6}.Release|Any CPU.ActiveCfg = Release|Any CPU
		{3E61A014-7A88-4C23-B98B-E770A9232CF6}.Release|Any CPU.Build.0 = Release|Any CPU
		{738618FD-1E5A-4BE8-A3EF-16EE5D096935}.Debug|Any CPU.ActiveCfg = Debug|Any CPU
		{738618FD-1E5A-4BE8-A3EF-16EE5D096935}.Debug|Any CPU.Build.0 = Debug|Any CPU
		{738618FD-1E5A-4BE8-A3EF-16EE5D096935}.Release|Any CPU.ActiveCfg = Release|Any CPU
		{738618FD-1E5A-4BE8-A3EF-16EE5D096935}.Release|Any CPU.Build.0 = Release|Any CPU
		{FE2B0D69-34C5-46B8-BF52-683FCC355B43}.Debug|Any CPU.ActiveCfg = Debug|Any CPU
		{FE2B0D69-34C5-46B8-BF52-683FCC355B43}.Debug|Any CPU.Build.0 = Debug|Any CPU
		{FE2B0D69-34C5-46B8-BF52-683FCC355B43}.Release|Any CPU.ActiveCfg = Release|Any CPU
		{FE2B0D69-34C5-46B8-BF52-683FCC355B43}.Release|Any CPU.Build.0 = Release|Any CPU
		{84ECEF93-C833-4279-90D3-8C23DB206626}.Debug|Any CPU.ActiveCfg = Debug|Any CPU
		{84ECEF93-C833-4279-90D3-8C23DB206626}.Debug|Any CPU.Build.0 = Debug|Any CPU
		{84ECEF93-C833-4279-90D3-8C23DB206626}.Release|Any CPU.ActiveCfg = Release|Any CPU
		{84ECEF93-C833-4279-90D3-8C23DB206626}.Release|Any CPU.Build.0 = Release|Any CPU
		{FAFD7DB7-C258-4E1A-945E-93CD17C2C6F4}.Debug|Any CPU.ActiveCfg = Debug|Any CPU
		{FAFD7DB7-C258-4E1A-945E-93CD17C2C6F4}.Debug|Any CPU.Build.0 = Debug|Any CPU
		{FAFD7DB7-C258-4E1A-945E-93CD17C2C6F4}.Release|Any CPU.ActiveCfg = Release|Any CPU
		{FAFD7DB7-C258-4E1A-945E-93CD17C2C6F4}.Release|Any CPU.Build.0 = Release|Any CPU
		{CC6D22E3-2A9D-43CF-BB00-A844BD876822}.Debug|Any CPU.ActiveCfg = Debug|Any CPU
		{CC6D22E3-2A9D-43CF-BB00-A844BD876822}.Debug|Any CPU.Build.0 = Debug|Any CPU
		{CC6D22E3-2A9D-43CF-BB00-A844BD876822}.Release|Any CPU.ActiveCfg = Release|Any CPU
		{CC6D22E3-2A9D-43CF-BB00-A844BD876822}.Release|Any CPU.Build.0 = Release|Any CPU
		{1D5DCDFE-E4F5-43E8-A1AA-C6FC5244BEE3}.Debug|Any CPU.ActiveCfg = Debug|Any CPU
		{1D5DCDFE-E4F5-43E8-A1AA-C6FC5244BEE3}.Debug|Any CPU.Build.0 = Debug|Any CPU
		{1D5DCDFE-E4F5-43E8-A1AA-C6FC5244BEE3}.Release|Any CPU.ActiveCfg = Release|Any CPU
		{1D5DCDFE-E4F5-43E8-A1AA-C6FC5244BEE3}.Release|Any CPU.Build.0 = Release|Any CPU
		{A4478C17-6250-4B2B-86B3-840A80165551}.Debug|Any CPU.ActiveCfg = Debug|Any CPU
		{A4478C17-6250-4B2B-86B3-840A80165551}.Debug|Any CPU.Build.0 = Debug|Any CPU
		{A4478C17-6250-4B2B-86B3-840A80165551}.Release|Any CPU.ActiveCfg = Release|Any CPU
		{A4478C17-6250-4B2B-86B3-840A80165551}.Release|Any CPU.Build.0 = Release|Any CPU
		{B52DA7BC-F16E-47C3-B809-856092B3BA05}.Debug|Any CPU.ActiveCfg = Debug|Any CPU
		{B52DA7BC-F16E-47C3-B809-856092B3BA05}.Debug|Any CPU.Build.0 = Debug|Any CPU
		{B52DA7BC-F16E-47C3-B809-856092B3BA05}.Release|Any CPU.ActiveCfg = Release|Any CPU
		{B52DA7BC-F16E-47C3-B809-856092B3BA05}.Release|Any CPU.Build.0 = Release|Any CPU
		{774FDCD5-6E4C-452D-B02C-266247E86CF4}.Debug|Any CPU.ActiveCfg = Debug|Any CPU
		{774FDCD5-6E4C-452D-B02C-266247E86CF4}.Debug|Any CPU.Build.0 = Debug|Any CPU
		{774FDCD5-6E4C-452D-B02C-266247E86CF4}.Release|Any CPU.ActiveCfg = Release|Any CPU
		{774FDCD5-6E4C-452D-B02C-266247E86CF4}.Release|Any CPU.Build.0 = Release|Any CPU
		{E957342E-40FA-43D0-B9FF-6B85EC4F6E0D}.Debug|Any CPU.ActiveCfg = Debug|Any CPU
		{E957342E-40FA-43D0-B9FF-6B85EC4F6E0D}.Debug|Any CPU.Build.0 = Debug|Any CPU
		{E957342E-40FA-43D0-B9FF-6B85EC4F6E0D}.Release|Any CPU.ActiveCfg = Release|Any CPU
		{E957342E-40FA-43D0-B9FF-6B85EC4F6E0D}.Release|Any CPU.Build.0 = Release|Any CPU
		{EC481FF5-8C54-47C5-BD9F-E4D645119C7D}.Debug|Any CPU.ActiveCfg = Debug|Any CPU
		{EC481FF5-8C54-47C5-BD9F-E4D645119C7D}.Debug|Any CPU.Build.0 = Debug|Any CPU
		{EC481FF5-8C54-47C5-BD9F-E4D645119C7D}.Release|Any CPU.ActiveCfg = Release|Any CPU
		{EC481FF5-8C54-47C5-BD9F-E4D645119C7D}.Release|Any CPU.Build.0 = Release|Any CPU
	EndGlobalSection
	GlobalSection(SolutionProperties) = preSolution
		HideSolutionNode = FALSE
	EndGlobalSection
EndGlobal
